// !$*UTF8*$!
{
	archiveVersion = 1;
	classes = {
	};
	objectVersion = 56;
	objects = {

/* Begin PBXBuildFile section */
		2551B75F29D4FB4E00E80AE6 /* WMAppApp.swift in Sources */ = {isa = PBXBuildFile; fileRef = 2551B75E29D4FB4E00E80AE6 /* WMAppApp.swift */; };
		2551B76129D4FB4E00E80AE6 /* ContentView.swift in Sources */ = {isa = PBXBuildFile; fileRef = 2551B76029D4FB4E00E80AE6 /* ContentView.swift */; };
		2551B76329D4FB4F00E80AE6 /* Assets.xcassets in Resources */ = {isa = PBXBuildFile; fileRef = 2551B76229D4FB4F00E80AE6 /* Assets.xcassets */; };
		2551B76629D4FB4F00E80AE6 /* Preview Assets.xcassets in Resources */ = {isa = PBXBuildFile; fileRef = 2551B76529D4FB4F00E80AE6 /* Preview Assets.xcassets */; };
		2551B77029D4FB5000E80AE6 /* WMAppTests.swift in Sources */ = {isa = PBXBuildFile; fileRef = 2551B76F29D4FB5000E80AE6 /* WMAppTests.swift */; };
		2551B77A29D4FB5000E80AE6 /* WMAppUITests.swift in Sources */ = {isa = PBXBuildFile; fileRef = 2551B77929D4FB5000E80AE6 /* WMAppUITests.swift */; };
		2551B77C29D4FB5000E80AE6 /* WMAppUITestsLaunchTests.swift in Sources */ = {isa = PBXBuildFile; fileRef = 2551B77B29D4FB5000E80AE6 /* WMAppUITestsLaunchTests.swift */; };
/* End PBXBuildFile section */

/* Begin PBXContainerItemProxy section */
		2551B76C29D4FB5000E80AE6 /* PBXContainerItemProxy */ = {
			isa = PBXContainerItemProxy;
			containerPortal = 2551B75329D4FB4E00E80AE6 /* Project object */;
			proxyType = 1;
			remoteGlobalIDString = 2551B75A29D4FB4E00E80AE6;
			remoteInfo = WMApp;
		};
		2551B77629D4FB5000E80AE6 /* PBXContainerItemProxy */ = {
			isa = PBXContainerItemProxy;
			containerPortal = 2551B75329D4FB4E00E80AE6 /* Project object */;
			proxyType = 1;
			remoteGlobalIDString = 2551B75A29D4FB4E00E80AE6;
			remoteInfo = WMApp;
		};
/* End PBXContainerItemProxy section */

/* Begin PBXFileReference section */
		2551B75B29D4FB4E00E80AE6 /* WMApp.app */ = {isa = PBXFileReference; explicitFileType = wrapper.application; includeInIndex = 0; path = WMApp.app; sourceTree = BUILT_PRODUCTS_DIR; };
		2551B75E29D4FB4E00E80AE6 /* WMAppApp.swift */ = {isa = PBXFileReference; lastKnownFileType = sourcecode.swift; path = WMAppApp.swift; sourceTree = "<group>"; };
		2551B76029D4FB4E00E80AE6 /* ContentView.swift */ = {isa = PBXFileReference; lastKnownFileType = sourcecode.swift; path = ContentView.swift; sourceTree = "<group>"; };
		2551B76229D4FB4F00E80AE6 /* Assets.xcassets */ = {isa = PBXFileReference; lastKnownFileType = folder.assetcatalog; path = Assets.xcassets; sourceTree = "<group>"; };
		2551B76529D4FB4F00E80AE6 /* Preview Assets.xcassets */ = {isa = PBXFileReference; lastKnownFileType = folder.assetcatalog; path = "Preview Assets.xcassets"; sourceTree = "<group>"; };
		2551B76B29D4FB5000E80AE6 /* WMAppTests.xctest */ = {isa = PBXFileReference; explicitFileType = wrapper.cfbundle; includeInIndex = 0; path = WMAppTests.xctest; sourceTree = BUILT_PRODUCTS_DIR; };
		2551B76F29D4FB5000E80AE6 /* WMAppTests.swift */ = {isa = PBXFileReference; lastKnownFileType = sourcecode.swift; path = WMAppTests.swift; sourceTree = "<group>"; };
		2551B77529D4FB5000E80AE6 /* WMAppUITests.xctest */ = {isa = PBXFileReference; explicitFileType = wrapper.cfbundle; includeInIndex = 0; path = WMAppUITests.xctest; sourceTree = BUILT_PRODUCTS_DIR; };
		2551B77929D4FB5000E80AE6 /* WMAppUITests.swift */ = {isa = PBXFileReference; lastKnownFileType = sourcecode.swift; path = WMAppUITests.swift; sourceTree = "<group>"; };
		2551B77B29D4FB5000E80AE6 /* WMAppUITestsLaunchTests.swift */ = {isa = PBXFileReference; lastKnownFileType = sourcecode.swift; path = WMAppUITestsLaunchTests.swift; sourceTree = "<group>"; };
/* End PBXFileReference section */

/* Begin PBXFrameworksBuildPhase section */
		2551B75829D4FB4E00E80AE6 /* Frameworks */ = {
			isa = PBXFrameworksBuildPhase;
			buildActionMask = 2147483647;
			files = (
			);
			runOnlyForDeploymentPostprocessing = 0;
		};
		2551B76829D4FB5000E80AE6 /* Frameworks */ = {
			isa = PBXFrameworksBuildPhase;
			buildActionMask = 2147483647;
			files = (
			);
			runOnlyForDeploymentPostprocessing = 0;
		};
		2551B77229D4FB5000E80AE6 /* Frameworks */ = {
			isa = PBXFrameworksBuildPhase;
			buildActionMask = 2147483647;
			files = (
			);
			runOnlyForDeploymentPostprocessing = 0;
		};
/* End PBXFrameworksBuildPhase section */

/* Begin PBXGroup section */
		2551B75229D4FB4E00E80AE6 = {
			isa = PBXGroup;
			children = (
				2551B75D29D4FB4E00E80AE6 /* WMApp */,
				2551B76E29D4FB5000E80AE6 /* WMAppTests */,
				2551B77829D4FB5000E80AE6 /* WMAppUITests */,
				2551B75C29D4FB4E00E80AE6 /* Products */,
			);
			sourceTree = "<group>";
		};
		2551B75C29D4FB4E00E80AE6 /* Products */ = {
			isa = PBXGroup;
			children = (
				2551B75B29D4FB4E00E80AE6 /* WMApp.app */,
				2551B76B29D4FB5000E80AE6 /* WMAppTests.xctest */,
				2551B77529D4FB5000E80AE6 /* WMAppUITests.xctest */,
			);
			name = Products;
			sourceTree = "<group>";
		};
		2551B75D29D4FB4E00E80AE6 /* WMApp */ = {
			isa = PBXGroup;
			children = (
				2551B78829D4FBF600E80AE6 /* Core */,
				2551B75E29D4FB4E00E80AE6 /* WMAppApp.swift */,
				2551B76029D4FB4E00E80AE6 /* ContentView.swift */,
				2551B76229D4FB4F00E80AE6 /* Assets.xcassets */,
				2551B76429D4FB4F00E80AE6 /* Preview Content */,
			);
			path = WMApp;
			sourceTree = "<group>";
		};
		2551B76429D4FB4F00E80AE6 /* Preview Content */ = {
			isa = PBXGroup;
			children = (
				2551B76529D4FB4F00E80AE6 /* Preview Assets.xcassets */,
			);
			path = "Preview Content";
			sourceTree = "<group>";
		};
		2551B76E29D4FB5000E80AE6 /* WMAppTests */ = {
			isa = PBXGroup;
			children = (
				2551B76F29D4FB5000E80AE6 /* WMAppTests.swift */,
			);
			path = WMAppTests;
			sourceTree = "<group>";
		};
		2551B77829D4FB5000E80AE6 /* WMAppUITests */ = {
			isa = PBXGroup;
			children = (
				2551B77929D4FB5000E80AE6 /* WMAppUITests.swift */,
				2551B77B29D4FB5000E80AE6 /* WMAppUITestsLaunchTests.swift */,
			);
			path = WMAppUITests;
			sourceTree = "<group>";
		};
		2551B78829D4FBF600E80AE6 /* Core */ = {
			isa = PBXGroup;
			children = (
				2551B78B29D4FD4C00E80AE6 /* NavBar */,
				2551B78929D4FC4A00E80AE6 /* Components */,
			);
			path = Core;
			sourceTree = "<group>";
		};
		2551B78929D4FC4A00E80AE6 /* Components */ = {
			isa = PBXGroup;
			children = (
			);
			path = Components;
			sourceTree = "<group>";
		};
		2551B78B29D4FD4C00E80AE6 /* NavBar */ = {
			isa = PBXGroup;
			children = (
				2551B78D29D4FDA800E80AE6 /* ViewModel */,
				2551B78C29D4FD9500E80AE6 /* Views */,
			);
			path = NavBar;
			sourceTree = "<group>";
		};
		2551B78C29D4FD9500E80AE6 /* Views */ = {
			isa = PBXGroup;
			children = (
			);
			path = Views;
			sourceTree = "<group>";
		};
		2551B78D29D4FDA800E80AE6 /* ViewModel */ = {
			isa = PBXGroup;
			children = (
			);
			path = ViewModel;
			sourceTree = "<group>";
		};
/* End PBXGroup section */

/* Begin PBXNativeTarget section */
		2551B75A29D4FB4E00E80AE6 /* WMApp */ = {
			isa = PBXNativeTarget;
			buildConfigurationList = 2551B77F29D4FB5000E80AE6 /* Build configuration list for PBXNativeTarget "WMApp" */;
			buildPhases = (
				2551B75729D4FB4E00E80AE6 /* Sources */,
				2551B75829D4FB4E00E80AE6 /* Frameworks */,
				2551B75929D4FB4E00E80AE6 /* Resources */,
			);
			buildRules = (
			);
			dependencies = (
			);
			name = WMApp;
			productName = WMApp;
			productReference = 2551B75B29D4FB4E00E80AE6 /* WMApp.app */;
			productType = "com.apple.product-type.application";
		};
		2551B76A29D4FB5000E80AE6 /* WMAppTests */ = {
			isa = PBXNativeTarget;
			buildConfigurationList = 2551B78229D4FB5000E80AE6 /* Build configuration list for PBXNativeTarget "WMAppTests" */;
			buildPhases = (
				2551B76729D4FB5000E80AE6 /* Sources */,
				2551B76829D4FB5000E80AE6 /* Frameworks */,
				2551B76929D4FB5000E80AE6 /* Resources */,
			);
			buildRules = (
			);
			dependencies = (
				2551B76D29D4FB5000E80AE6 /* PBXTargetDependency */,
			);
			name = WMAppTests;
			productName = WMAppTests;
			productReference = 2551B76B29D4FB5000E80AE6 /* WMAppTests.xctest */;
			productType = "com.apple.product-type.bundle.unit-test";
		};
		2551B77429D4FB5000E80AE6 /* WMAppUITests */ = {
			isa = PBXNativeTarget;
			buildConfigurationList = 2551B78529D4FB5000E80AE6 /* Build configuration list for PBXNativeTarget "WMAppUITests" */;
			buildPhases = (
				2551B77129D4FB5000E80AE6 /* Sources */,
				2551B77229D4FB5000E80AE6 /* Frameworks */,
				2551B77329D4FB5000E80AE6 /* Resources */,
			);
			buildRules = (
			);
			dependencies = (
				2551B77729D4FB5000E80AE6 /* PBXTargetDependency */,
			);
			name = WMAppUITests;
			productName = WMAppUITests;
			productReference = 2551B77529D4FB5000E80AE6 /* WMAppUITests.xctest */;
			productType = "com.apple.product-type.bundle.ui-testing";
		};
/* End PBXNativeTarget section */

/* Begin PBXProject section */
		2551B75329D4FB4E00E80AE6 /* Project object */ = {
			isa = PBXProject;
			attributes = {
				BuildIndependentTargetsInParallel = 1;
				LastSwiftUpdateCheck = 1400;
				LastUpgradeCheck = 1400;
				TargetAttributes = {
					2551B75A29D4FB4E00E80AE6 = {
						CreatedOnToolsVersion = 14.0.1;
					};
					2551B76A29D4FB5000E80AE6 = {
						CreatedOnToolsVersion = 14.0.1;
						TestTargetID = 2551B75A29D4FB4E00E80AE6;
					};
					2551B77429D4FB5000E80AE6 = {
						CreatedOnToolsVersion = 14.0.1;
						TestTargetID = 2551B75A29D4FB4E00E80AE6;
					};
				};
			};
			buildConfigurationList = 2551B75629D4FB4E00E80AE6 /* Build configuration list for PBXProject "WMApp" */;
			compatibilityVersion = "Xcode 14.0";
			developmentRegion = en;
			hasScannedForEncodings = 0;
			knownRegions = (
				en,
				Base,
			);
			mainGroup = 2551B75229D4FB4E00E80AE6;
			productRefGroup = 2551B75C29D4FB4E00E80AE6 /* Products */;
			projectDirPath = "";
			projectRoot = "";
			targets = (
				2551B75A29D4FB4E00E80AE6 /* WMApp */,
				2551B76A29D4FB5000E80AE6 /* WMAppTests */,
				2551B77429D4FB5000E80AE6 /* WMAppUITests */,
			);
		};
/* End PBXProject section */

/* Begin PBXResourcesBuildPhase section */
		2551B75929D4FB4E00E80AE6 /* Resources */ = {
			isa = PBXResourcesBuildPhase;
			buildActionMask = 2147483647;
			files = (
				2551B76629D4FB4F00E80AE6 /* Preview Assets.xcassets in Resources */,
				2551B76329D4FB4F00E80AE6 /* Assets.xcassets in Resources */,
			);
			runOnlyForDeploymentPostprocessing = 0;
		};
		2551B76929D4FB5000E80AE6 /* Resources */ = {
			isa = PBXResourcesBuildPhase;
			buildActionMask = 2147483647;
			files = (
			);
			runOnlyForDeploymentPostprocessing = 0;
		};
		2551B77329D4FB5000E80AE6 /* Resources */ = {
			isa = PBXResourcesBuildPhase;
			buildActionMask = 2147483647;
			files = (
			);
			runOnlyForDeploymentPostprocessing = 0;
		};
/* End PBXResourcesBuildPhase section */

/* Begin PBXSourcesBuildPhase section */
		2551B75729D4FB4E00E80AE6 /* Sources */ = {
			isa = PBXSourcesBuildPhase;
			buildActionMask = 2147483647;
			files = (
				2551B76129D4FB4E00E80AE6 /* ContentView.swift in Sources */,
				2551B75F29D4FB4E00E80AE6 /* WMAppApp.swift in Sources */,
			);
			runOnlyForDeploymentPostprocessing = 0;
		};
		2551B76729D4FB5000E80AE6 /* Sources */ = {
			isa = PBXSourcesBuildPhase;
			buildActionMask = 2147483647;
			files = (
				2551B77029D4FB5000E80AE6 /* WMAppTests.swift in Sources */,
			);
			runOnlyForDeploymentPostprocessing = 0;
		};
		2551B77129D4FB5000E80AE6 /* Sources */ = {
			isa = PBXSourcesBuildPhase;
			buildActionMask = 2147483647;
			files = (
				2551B77C29D4FB5000E80AE6 /* WMAppUITestsLaunchTests.swift in Sources */,
				2551B77A29D4FB5000E80AE6 /* WMAppUITests.swift in Sources */,
			);
			runOnlyForDeploymentPostprocessing = 0;
		};
/* End PBXSourcesBuildPhase section */

/* Begin PBXTargetDependency section */
		2551B76D29D4FB5000E80AE6 /* PBXTargetDependency */ = {
			isa = PBXTargetDependency;
			target = 2551B75A29D4FB4E00E80AE6 /* WMApp */;
			targetProxy = 2551B76C29D4FB5000E80AE6 /* PBXContainerItemProxy */;
		};
		2551B77729D4FB5000E80AE6 /* PBXTargetDependency */ = {
			isa = PBXTargetDependency;
			target = 2551B75A29D4FB4E00E80AE6 /* WMApp */;
			targetProxy = 2551B77629D4FB5000E80AE6 /* PBXContainerItemProxy */;
		};
/* End PBXTargetDependency section */

/* Begin XCBuildConfiguration section */
		2551B77D29D4FB5000E80AE6 /* Debug */ = {
			isa = XCBuildConfiguration;
			buildSettings = {
				ALWAYS_SEARCH_USER_PATHS = NO;
				CLANG_ANALYZER_NONNULL = YES;
				CLANG_ANALYZER_NUMBER_OBJECT_CONVERSION = YES_AGGRESSIVE;
				CLANG_CXX_LANGUAGE_STANDARD = "gnu++20";
				CLANG_ENABLE_MODULES = YES;
				CLANG_ENABLE_OBJC_ARC = YES;
				CLANG_ENABLE_OBJC_WEAK = YES;
				CLANG_WARN_BLOCK_CAPTURE_AUTORELEASING = YES;
				CLANG_WARN_BOOL_CONVERSION = YES;
				CLANG_WARN_COMMA = YES;
				CLANG_WARN_CONSTANT_CONVERSION = YES;
				CLANG_WARN_DEPRECATED_OBJC_IMPLEMENTATIONS = YES;
				CLANG_WARN_DIRECT_OBJC_ISA_USAGE = YES_ERROR;
				CLANG_WARN_DOCUMENTATION_COMMENTS = YES;
				CLANG_WARN_EMPTY_BODY = YES;
				CLANG_WARN_ENUM_CONVERSION = YES;
				CLANG_WARN_INFINITE_RECURSION = YES;
				CLANG_WARN_INT_CONVERSION = YES;
				CLANG_WARN_NON_LITERAL_NULL_CONVERSION = YES;
				CLANG_WARN_OBJC_IMPLICIT_RETAIN_SELF = YES;
				CLANG_WARN_OBJC_LITERAL_CONVERSION = YES;
				CLANG_WARN_OBJC_ROOT_CLASS = YES_ERROR;
				CLANG_WARN_QUOTED_INCLUDE_IN_FRAMEWORK_HEADER = YES;
				CLANG_WARN_RANGE_LOOP_ANALYSIS = YES;
				CLANG_WARN_STRICT_PROTOTYPES = YES;
				CLANG_WARN_SUSPICIOUS_MOVE = YES;
				CLANG_WARN_UNGUARDED_AVAILABILITY = YES_AGGRESSIVE;
				CLANG_WARN_UNREACHABLE_CODE = YES;
				CLANG_WARN__DUPLICATE_METHOD_MATCH = YES;
				COPY_PHASE_STRIP = NO;
				DEBUG_INFORMATION_FORMAT = dwarf;
				ENABLE_STRICT_OBJC_MSGSEND = YES;
				ENABLE_TESTABILITY = YES;
				GCC_C_LANGUAGE_STANDARD = gnu11;
				GCC_DYNAMIC_NO_PIC = NO;
				GCC_NO_COMMON_BLOCKS = YES;
				GCC_OPTIMIZATION_LEVEL = 0;
				GCC_PREPROCESSOR_DEFINITIONS = (
					"DEBUG=1",
					"$(inherited)",
				);
				GCC_WARN_64_TO_32_BIT_CONVERSION = YES;
				GCC_WARN_ABOUT_RETURN_TYPE = YES_ERROR;
				GCC_WARN_UNDECLARED_SELECTOR = YES;
				GCC_WARN_UNINITIALIZED_AUTOS = YES_AGGRESSIVE;
				GCC_WARN_UNUSED_FUNCTION = YES;
				GCC_WARN_UNUSED_VARIABLE = YES;
				IPHONEOS_DEPLOYMENT_TARGET = 16.0;
				MTL_ENABLE_DEBUG_INFO = INCLUDE_SOURCE;
				MTL_FAST_MATH = YES;
				ONLY_ACTIVE_ARCH = YES;
				SDKROOT = iphoneos;
				SWIFT_ACTIVE_COMPILATION_CONDITIONS = DEBUG;
				SWIFT_OPTIMIZATION_LEVEL = "-Onone";
			};
			name = Debug;
		};
		2551B77E29D4FB5000E80AE6 /* Release */ = {
			isa = XCBuildConfiguration;
			buildSettings = {
				ALWAYS_SEARCH_USER_PATHS = NO;
				CLANG_ANALYZER_NONNULL = YES;
				CLANG_ANALYZER_NUMBER_OBJECT_CONVERSION = YES_AGGRESSIVE;
				CLANG_CXX_LANGUAGE_STANDARD = "gnu++20";
				CLANG_ENABLE_MODULES = YES;
				CLANG_ENABLE_OBJC_ARC = YES;
				CLANG_ENABLE_OBJC_WEAK = YES;
				CLANG_WARN_BLOCK_CAPTURE_AUTORELEASING = YES;
				CLANG_WARN_BOOL_CONVERSION = YES;
				CLANG_WARN_COMMA = YES;
				CLANG_WARN_CONSTANT_CONVERSION = YES;
				CLANG_WARN_DEPRECATED_OBJC_IMPLEMENTATIONS = YES;
				CLANG_WARN_DIRECT_OBJC_ISA_USAGE = YES_ERROR;
				CLANG_WARN_DOCUMENTATION_COMMENTS = YES;
				CLANG_WARN_EMPTY_BODY = YES;
				CLANG_WARN_ENUM_CONVERSION = YES;
				CLANG_WARN_INFINITE_RECURSION = YES;
				CLANG_WARN_INT_CONVERSION = YES;
				CLANG_WARN_NON_LITERAL_NULL_CONVERSION = YES;
				CLANG_WARN_OBJC_IMPLICIT_RETAIN_SELF = YES;
				CLANG_WARN_OBJC_LITERAL_CONVERSION = YES;
				CLANG_WARN_OBJC_ROOT_CLASS = YES_ERROR;
				CLANG_WARN_QUOTED_INCLUDE_IN_FRAMEWORK_HEADER = YES;
				CLANG_WARN_RANGE_LOOP_ANALYSIS = YES;
				CLANG_WARN_STRICT_PROTOTYPES = YES;
				CLANG_WARN_SUSPICIOUS_MOVE = YES;
				CLANG_WARN_UNGUARDED_AVAILABILITY = YES_AGGRESSIVE;
				CLANG_WARN_UNREACHABLE_CODE = YES;
				CLANG_WARN__DUPLICATE_METHOD_MATCH = YES;
				COPY_PHASE_STRIP = NO;
				DEBUG_INFORMATION_FORMAT = "dwarf-with-dsym";
				ENABLE_NS_ASSERTIONS = NO;
				ENABLE_STRICT_OBJC_MSGSEND = YES;
				GCC_C_LANGUAGE_STANDARD = gnu11;
				GCC_NO_COMMON_BLOCKS = YES;
				GCC_WARN_64_TO_32_BIT_CONVERSION = YES;
				GCC_WARN_ABOUT_RETURN_TYPE = YES_ERROR;
				GCC_WARN_UNDECLARED_SELECTOR = YES;
				GCC_WARN_UNINITIALIZED_AUTOS = YES_AGGRESSIVE;
				GCC_WARN_UNUSED_FUNCTION = YES;
				GCC_WARN_UNUSED_VARIABLE = YES;
				IPHONEOS_DEPLOYMENT_TARGET = 16.0;
				MTL_ENABLE_DEBUG_INFO = NO;
				MTL_FAST_MATH = YES;
				SDKROOT = iphoneos;
				SWIFT_COMPILATION_MODE = wholemodule;
				SWIFT_OPTIMIZATION_LEVEL = "-O";
				VALIDATE_PRODUCT = YES;
			};
			name = Release;
		};
		2551B78029D4FB5000E80AE6 /* Debug */ = {
			isa = XCBuildConfiguration;
			buildSettings = {
				ASSETCATALOG_COMPILER_APPICON_NAME = AppIcon;
				ASSETCATALOG_COMPILER_GLOBAL_ACCENT_COLOR_NAME = AccentColor;
				CODE_SIGN_STYLE = Automatic;
				CURRENT_PROJECT_VERSION = 1;
				DEVELOPMENT_ASSET_PATHS = "\"WMApp/Preview Content\"";
				ENABLE_PREVIEWS = YES;
				GENERATE_INFOPLIST_FILE = YES;
				INFOPLIST_KEY_UIApplicationSceneManifest_Generation = YES;
				INFOPLIST_KEY_UIApplicationSupportsIndirectInputEvents = YES;
				INFOPLIST_KEY_UILaunchScreen_Generation = YES;
				INFOPLIST_KEY_UISupportedInterfaceOrientations_iPad = "UIInterfaceOrientationPortrait UIInterfaceOrientationPortraitUpsideDown UIInterfaceOrientationLandscapeLeft UIInterfaceOrientationLandscapeRight";
				INFOPLIST_KEY_UISupportedInterfaceOrientations_iPhone = "UIInterfaceOrientationPortrait UIInterfaceOrientationLandscapeLeft UIInterfaceOrientationLandscapeRight";
				LD_RUNPATH_SEARCH_PATHS = (
					"$(inherited)",
					"@executable_path/Frameworks",
				);
				MARKETING_VERSION = 1.0;
				PRODUCT_BUNDLE_IDENTIFIER = Jerry.WMApp;
				PRODUCT_NAME = "$(TARGET_NAME)";
				SWIFT_EMIT_LOC_STRINGS = YES;
				SWIFT_VERSION = 5.0;
				TARGETED_DEVICE_FAMILY = "1,2";
			};
			name = Debug;
		};
		2551B78129D4FB5000E80AE6 /* Release */ = {
			isa = XCBuildConfiguration;
			buildSettings = {
				ASSETCATALOG_COMPILER_APPICON_NAME = AppIcon;
				ASSETCATALOG_COMPILER_GLOBAL_ACCENT_COLOR_NAME = AccentColor;
				CODE_SIGN_STYLE = Automatic;
				CURRENT_PROJECT_VERSION = 1;
				DEVELOPMENT_ASSET_PATHS = "\"WMApp/Preview Content\"";
				ENABLE_PREVIEWS = YES;
				GENERATE_INFOPLIST_FILE = YES;
				INFOPLIST_KEY_UIApplicationSceneManifest_Generation = YES;
				INFOPLIST_KEY_UIApplicationSupportsIndirectInputEvents = YES;
				INFOPLIST_KEY_UILaunchScreen_Generation = YES;
				INFOPLIST_KEY_UISupportedInterfaceOrientations_iPad = "UIInterfaceOrientationPortrait UIInterfaceOrientationPortraitUpsideDown UIInterfaceOrientationLandscapeLeft UIInterfaceOrientationLandscapeRight";
				INFOPLIST_KEY_UISupportedInterfaceOrientations_iPhone = "UIInterfaceOrientationPortrait UIInterfaceOrientationLandscapeLeft UIInterfaceOrientationLandscapeRight";
				LD_RUNPATH_SEARCH_PATHS = (
					"$(inherited)",
					"@executable_path/Frameworks",
				);
				MARKETING_VERSION = 1.0;
				PRODUCT_BUNDLE_IDENTIFIER = Jerry.WMApp;
				PRODUCT_NAME = "$(TARGET_NAME)";
				SWIFT_EMIT_LOC_STRINGS = YES;
				SWIFT_VERSION = 5.0;
				TARGETED_DEVICE_FAMILY = "1,2";
			};
			name = Release;
		};
		2551B78329D4FB5000E80AE6 /* Debug */ = {
			isa = XCBuildConfiguration;
			buildSettings = {
				ALWAYS_EMBED_SWIFT_STANDARD_LIBRARIES = YES;
				BUNDLE_LOADER = "$(TEST_HOST)";
				CODE_SIGN_STYLE = Automatic;
				CURRENT_PROJECT_VERSION = 1;
				GENERATE_INFOPLIST_FILE = YES;
				IPHONEOS_DEPLOYMENT_TARGET = 16.0;
				MARKETING_VERSION = 1.0;
				PRODUCT_BUNDLE_IDENTIFIER = Jerry.WMAppTests;
				PRODUCT_NAME = "$(TARGET_NAME)";
				SWIFT_EMIT_LOC_STRINGS = NO;
				SWIFT_VERSION = 5.0;
				TARGETED_DEVICE_FAMILY = "1,2";
				TEST_HOST = "$(BUILT_PRODUCTS_DIR)/WMApp.app/$(BUNDLE_EXECUTABLE_FOLDER_PATH)/WMApp";
			};
			name = Debug;
		};
		2551B78429D4FB5000E80AE6 /* Release */ = {
			isa = XCBuildConfiguration;
			buildSettings = {
				ALWAYS_EMBED_SWIFT_STANDARD_LIBRARIES = YES;
				BUNDLE_LOADER = "$(TEST_HOST)";
				CODE_SIGN_STYLE = Automatic;
				CURRENT_PROJECT_VERSION = 1;
				GENERATE_INFOPLIST_FILE = YES;
				IPHONEOS_DEPLOYMENT_TARGET = 16.0;
				MARKETING_VERSION = 1.0;
				PRODUCT_BUNDLE_IDENTIFIER = Jerry.WMAppTests;
				PRODUCT_NAME = "$(TARGET_NAME)";
				SWIFT_EMIT_LOC_STRINGS = NO;
				SWIFT_VERSION = 5.0;
				TARGETED_DEVICE_FAMILY = "1,2";
				TEST_HOST = "$(BUILT_PRODUCTS_DIR)/WMApp.app/$(BUNDLE_EXECUTABLE_FOLDER_PATH)/WMApp";
			};
			name = Release;
		};
		2551B78629D4FB5000E80AE6 /* Debug */ = {
			isa = XCBuildConfiguration;
			buildSettings = {
				ALWAYS_EMBED_SWIFT_STANDARD_LIBRARIES = YES;
				CODE_SIGN_STYLE = Automatic;
				CURRENT_PROJECT_VERSION = 1;
				GENERATE_INFOPLIST_FILE = YES;
				MARKETING_VERSION = 1.0;
				PRODUCT_BUNDLE_IDENTIFIER = Jerry.WMAppUITests;
				PRODUCT_NAME = "$(TARGET_NAME)";
				SWIFT_EMIT_LOC_STRINGS = NO;
				SWIFT_VERSION = 5.0;
				TARGETED_DEVICE_FAMILY = "1,2";
				TEST_TARGET_NAME = WMApp;
			};
			name = Debug;
		};
		2551B78729D4FB5000E80AE6 /* Release */ = {
			isa = XCBuildConfiguration;
			buildSettings = {
				ALWAYS_EMBED_SWIFT_STANDARD_LIBRARIES = YES;
				CODE_SIGN_STYLE = Automatic;
				CURRENT_PROJECT_VERSION = 1;
				GENERATE_INFOPLIST_FILE = YES;
				MARKETING_VERSION = 1.0;
				PRODUCT_BUNDLE_IDENTIFIER = Jerry.WMAppUITests;
				PRODUCT_NAME = "$(TARGET_NAME)";
				SWIFT_EMIT_LOC_STRINGS = NO;
				SWIFT_VERSION = 5.0;
				TARGETED_DEVICE_FAMILY = "1,2";
				TEST_TARGET_NAME = WMApp;
			};
			name = Release;
		};
/* End XCBuildConfiguration section */

/* Begin XCConfigurationList section */
		2551B75629D4FB4E00E80AE6 /* Build configuration list for PBXProject "WMApp" */ = {
			isa = XCConfigurationList;
			buildConfigurations = (
				2551B77D29D4FB5000E80AE6 /* Debug */,
				2551B77E29D4FB5000E80AE6 /* Release */,
			);
			defaultConfigurationIsVisible = 0;
			defaultConfigurationName = Release;
		};
		2551B77F29D4FB5000E80AE6 /* Build configuration list for PBXNativeTarget "WMApp" */ = {
			isa = XCConfigurationList;
			buildConfigurations = (
				2551B78029D4FB5000E80AE6 /* Debug */,
				2551B78129D4FB5000E80AE6 /* Release */,
			);
			defaultConfigurationIsVisible = 0;
			defaultConfigurationName = Release;
		};
		2551B78229D4FB5000E80AE6 /* Build configuration list for PBXNativeTarget "WMAppTests" */ = {
			isa = XCConfigurationList;
			buildConfigurations = (
				2551B78329D4FB5000E80AE6 /* Debug */,
				2551B78429D4FB5000E80AE6 /* Release */,
			);
			defaultConfigurationIsVisible = 0;
			defaultConfigurationName = Release;
		};
		2551B78529D4FB5000E80AE6 /* Build configuration list for PBXNativeTarget "WMAppUITests" */ = {
			isa = XCConfigurationList;
			buildConfigurations = (
				2551B78629D4FB5000E80AE6 /* Debug */,
				2551B78729D4FB5000E80AE6 /* Release */,
			);
			defaultConfigurationIsVisible = 0;
			defaultConfigurationName = Release;
		};
/* End XCConfigurationList section */
	};
	rootObject = 2551B75329D4FB4E00E80AE6 /* Project object */;
}
